
Microsoft Visual Studio Solution File, Format Version 12.00
# Visual Studio Version 17
VisualStudioVersion = 17.8.34322.80
MinimumVisualStudioVersion = 10.0.40219.1
Project("{FAE04EC0-301F-11D3-BF4B-00C04F79EFBC}") = "C#_.Net_Bootcamp_3-oy", "C#_.Net_Bootcamp_3-oy\C#_.Net_Bootcamp_3-oy.csproj", "{3DB8401B-0470-411A-A892-16CBAD3C3321}"
EndProject
Project("{FAE04EC0-301F-11D3-BF4B-00C04F79EFBC}") = "Mongo.db", "Mongo.db\Mongo.db.csproj", "{CF8CBF42-F916-4721-863E-903D73EFD0FC}"
EndProject
Project("{FAE04EC0-301F-11D3-BF4B-00C04F79EFBC}") = "42-Linq", "42-Linq\42-Linq.csproj", "{CA3F7ABB-4BAD-45C5-961C-7713ECA68F8B}"
EndProject
Global
	GlobalSection(SolutionConfigurationPlatforms) = preSolution
		Debug|Any CPU = Debug|Any CPU
		Release|Any CPU = Release|Any CPU
	EndGlobalSection
	GlobalSection(ProjectConfigurationPlatforms) = postSolution
		{3DB8401B-0470-411A-A892-16CBAD3C3321}.Debug|Any CPU.ActiveCfg = Debug|Any CPU
		{3DB8401B-0470-411A-A892-16CBAD3C3321}.Debug|Any CPU.Build.0 = Debug|Any CPU
		{3DB8401B-0470-411A-A892-16CBAD3C3321}.Release|Any CPU.ActiveCfg = Release|Any CPU
		{3DB8401B-0470-411A-A892-16CBAD3C3321}.Release|Any CPU.Build.0 = Release|Any CPU
		{CF8CBF42-F916-4721-863E-903D73EFD0FC}.Debug|Any CPU.ActiveCfg = Debug|Any CPU
		{CF8CBF42-F916-4721-863E-903D73EFD0FC}.Debug|Any CPU.Build.0 = Debug|Any CPU
		{CF8CBF42-F916-4721-863E-903D73EFD0FC}.Release|Any CPU.ActiveCfg = Release|Any CPU
		{CF8CBF42-F916-4721-863E-903D73EFD0FC}.Release|Any CPU.Build.0 = Release|Any CPU
		{CA3F7ABB-4BAD-45C5-961C-7713ECA68F8B}.Debug|Any CPU.ActiveCfg = Debug|Any CPU
		{CA3F7ABB-4BAD-45C5-961C-7713ECA68F8B}.Debug|Any CPU.Build.0 = Debug|Any CPU
		{CA3F7ABB-4BAD-45C5-961C-7713ECA68F8B}.Release|Any CPU.ActiveCfg = Release|Any CPU
		{CA3F7ABB-4BAD-45C5-961C-7713ECA68F8B}.Release|Any CPU.Build.0 = Release|Any CPU
	EndGlobalSection
	GlobalSection(SolutionProperties) = preSolution
		HideSolutionNode = FALSE
	EndGlobalSection
	GlobalSection(ExtensibilityGlobals) = postSolution
		SolutionGuid = {57FF7BD4-426D-46DC-B710-98A8555C446D}
	EndGlobalSection
EndGlobal
