
Microsoft Visual Studio Solution File, Format Version 12.00
# Visual Studio Version 17
VisualStudioVersion = 17.8.34322.80
MinimumVisualStudioVersion = 10.0.40219.1
Project("{9A19103F-16F7-4668-BE54-9A1E7A4F7556}") = "Mongo.db", "Mongo.db\Mongo.db.csproj", "{CF8CBF42-F916-4721-863E-903D73EFD0FC}"
EndProject
Project("{9A19103F-16F7-4668-BE54-9A1E7A4F7556}") = "42-Mongo_Db", "42-Mongo_Db\42-Mongo_Db.csproj", "{7F6735FD-FF91-4140-B03A-5BAB44967902}"
EndProject
Project("{9A19103F-16F7-4668-BE54-9A1E7A4F7556}") = "43-MyADONET", "43-MyADONET\43-MyADONET.csproj", "{8FDC0A10-454B-4C52-B94D-CDFD2C75735F}"
EndProject
Project("{9A19103F-16F7-4668-BE54-9A1E7A4F7556}") = "Vazifa", "Vazifa\Vazifa.csproj", "{F4C48E02-2315-4B05-A20A-560E8B6A9F4F}"
EndProject
Project("{9A19103F-16F7-4668-BE54-9A1E7A4F7556}") = "43-Homeworkk", "43-Homeworkk\43-Homeworkk.csproj", "{FB86700C-D1C7-455C-9E4F-3CAFDC17600F}"
EndProject
Project("{9A19103F-16F7-4668-BE54-9A1E7A4F7556}") = "45-dars_WepApi", "45-dars_WepApi\45-dars_WepApi.csproj", "{34D89804-A16A-4A16-94BE-B1A1D664F765}"
EndProject
Project("{9A19103F-16F7-4668-BE54-9A1E7A4F7556}") = "45-Wep_api_Dapper", "45-Wep_api_Dapper\45-Wep_api_Dapper.csproj", "{BED47B3A-AC10-4215-8FD6-4CF275872D27}"
EndProject
Project("{9A19103F-16F7-4668-BE54-9A1E7A4F7556}") = "48-Najot_TalimApi", "48-Najot_TalimApi\48-Najot_TalimApi.csproj", "{F650B8E8-E7A9-40B4-A8D5-1EA02DE8502E}"
EndProject
Project("{9A19103F-16F7-4668-BE54-9A1E7A4F7556}") = "50-linq", "50-linq\50-linq.csproj", "{B8B0022B-4D32-49E7-91C6-F3CEC47DFB1B}"
EndProject
Project("{9A19103F-16F7-4668-BE54-9A1E7A4F7556}") = "50-Homework", "50-Homework\50-Homework.csproj", "{2F3CD9D5-082E-4EC1-90F8-6D1E2602DBA9}"
EndProject
Project("{9A19103F-16F7-4668-BE54-9A1E7A4F7556}") = "LearningApiAndEntity", "LearningApiAndEntity\LearningApiAndEntity.csproj", "{E98738F5-0263-42CE-9F0C-55DDC8D33B09}"
EndProject
Project("{9A19103F-16F7-4668-BE54-9A1E7A4F7556}") = "AsilMedia", "AsilMedia\AsilMedia.csproj", "{1A3DF0C7-2912-49CA-B529-EA81845EAF86}"
EndProject
Project("{2150E333-8FDC-42A3-9474-1A3956D46DE8}") = "52-Entity", "52-Entity", "{E9558685-06F3-41EA-85AE-73DB06F52FEC}"
EndProject
Project("{9A19103F-16F7-4668-BE54-9A1E7A4F7556}") = "FileLessonApi", "FileLessonApi\FileLessonApi.csproj", "{261418A9-EDAC-4E6C-96AE-16F3D66FE789}"
EndProject
Project("{9A19103F-16F7-4668-BE54-9A1E7A4F7556}") = "FileApiLesson.Aplication", "FileApiLessonAplication\FileApiLesson.Aplication.csproj", "{8A3730B6-24AE-4517-BDEF-8A5318894485}"
EndProject
Project("{9A19103F-16F7-4668-BE54-9A1E7A4F7556}") = "FileApiLesson.Domen", "FileApiLessonDomen\FileApiLesson.Domen.csproj", "{47EE0D2D-C745-4133-AA04-F50B8D1E1F32}"
EndProject
Project("{9A19103F-16F7-4668-BE54-9A1E7A4F7556}") = "FileApiLesson.Infrustructure", "FileApiLesson.Infrustructure\FileApiLesson.Infrustructure.csproj", "{D656155F-DFF4-4F2C-AB91-2ABD324EF2D7}"
EndProject
Project("{2150E333-8FDC-42A3-9474-1A3956D46DE8}") = "53-Entity_Homework", "53-Entity_Homework", "{FF5A6811-B918-48D2-B4DA-7EF6C1E8EC7D}"
EndProject
Project("{FAE04EC0-301F-11D3-BF4B-00C04F79EFBC}") = "FileApi", "FileApi\FileApi.csproj", "{EE64200F-7092-4B93-9623-5440069664F7}"
EndProject
Project("{FAE04EC0-301F-11D3-BF4B-00C04F79EFBC}") = "FileApi.Domen", "FileApi.Domen\FileApi.Domen.csproj", "{D1CAFDAB-BE71-4581-A9AB-0E6F9370C70B}"
EndProject
Project("{FAE04EC0-301F-11D3-BF4B-00C04F79EFBC}") = "FileApi.Aplication", "FileApi.Aplication\FileApi.Aplication.csproj", "{7E2D357B-3115-4181-9E25-57E5FCAA7569}"
EndProject
Project("{FAE04EC0-301F-11D3-BF4B-00C04F79EFBC}") = "FileApi.Infrustructure", "FileApi.n.Infrustructure\FileApi.Infrustructure.csproj", "{3F5FD748-D3D7-4F2F-AD6E-1BC2AE1D0621}"
EndProject
Global
	GlobalSection(SolutionConfigurationPlatforms) = preSolution
		Debug|Any CPU = Debug|Any CPU
		Release|Any CPU = Release|Any CPU
	EndGlobalSection
	GlobalSection(ProjectConfigurationPlatforms) = postSolution
		{CF8CBF42-F916-4721-863E-903D73EFD0FC}.Debug|Any CPU.ActiveCfg = Debug|Any CPU
		{CF8CBF42-F916-4721-863E-903D73EFD0FC}.Debug|Any CPU.Build.0 = Debug|Any CPU
		{CF8CBF42-F916-4721-863E-903D73EFD0FC}.Release|Any CPU.ActiveCfg = Release|Any CPU
		{CF8CBF42-F916-4721-863E-903D73EFD0FC}.Release|Any CPU.Build.0 = Release|Any CPU
		{7F6735FD-FF91-4140-B03A-5BAB44967902}.Debug|Any CPU.ActiveCfg = Debug|Any CPU
		{7F6735FD-FF91-4140-B03A-5BAB44967902}.Debug|Any CPU.Build.0 = Debug|Any CPU
		{7F6735FD-FF91-4140-B03A-5BAB44967902}.Release|Any CPU.ActiveCfg = Release|Any CPU
		{7F6735FD-FF91-4140-B03A-5BAB44967902}.Release|Any CPU.Build.0 = Release|Any CPU
		{8FDC0A10-454B-4C52-B94D-CDFD2C75735F}.Debug|Any CPU.ActiveCfg = Debug|Any CPU
		{8FDC0A10-454B-4C52-B94D-CDFD2C75735F}.Debug|Any CPU.Build.0 = Debug|Any CPU
		{8FDC0A10-454B-4C52-B94D-CDFD2C75735F}.Release|Any CPU.ActiveCfg = Release|Any CPU
		{8FDC0A10-454B-4C52-B94D-CDFD2C75735F}.Release|Any CPU.Build.0 = Release|Any CPU
		{F4C48E02-2315-4B05-A20A-560E8B6A9F4F}.Debug|Any CPU.ActiveCfg = Debug|Any CPU
		{F4C48E02-2315-4B05-A20A-560E8B6A9F4F}.Debug|Any CPU.Build.0 = Debug|Any CPU
		{F4C48E02-2315-4B05-A20A-560E8B6A9F4F}.Release|Any CPU.ActiveCfg = Release|Any CPU
		{F4C48E02-2315-4B05-A20A-560E8B6A9F4F}.Release|Any CPU.Build.0 = Release|Any CPU
		{FB86700C-D1C7-455C-9E4F-3CAFDC17600F}.Debug|Any CPU.ActiveCfg = Debug|Any CPU
		{FB86700C-D1C7-455C-9E4F-3CAFDC17600F}.Debug|Any CPU.Build.0 = Debug|Any CPU
		{FB86700C-D1C7-455C-9E4F-3CAFDC17600F}.Release|Any CPU.ActiveCfg = Release|Any CPU
		{FB86700C-D1C7-455C-9E4F-3CAFDC17600F}.Release|Any CPU.Build.0 = Release|Any CPU
		{34D89804-A16A-4A16-94BE-B1A1D664F765}.Debug|Any CPU.ActiveCfg = Debug|Any CPU
		{34D89804-A16A-4A16-94BE-B1A1D664F765}.Debug|Any CPU.Build.0 = Debug|Any CPU
		{34D89804-A16A-4A16-94BE-B1A1D664F765}.Release|Any CPU.ActiveCfg = Release|Any CPU
		{34D89804-A16A-4A16-94BE-B1A1D664F765}.Release|Any CPU.Build.0 = Release|Any CPU
		{BED47B3A-AC10-4215-8FD6-4CF275872D27}.Debug|Any CPU.ActiveCfg = Debug|Any CPU
		{BED47B3A-AC10-4215-8FD6-4CF275872D27}.Debug|Any CPU.Build.0 = Debug|Any CPU
		{BED47B3A-AC10-4215-8FD6-4CF275872D27}.Release|Any CPU.ActiveCfg = Release|Any CPU
		{BED47B3A-AC10-4215-8FD6-4CF275872D27}.Release|Any CPU.Build.0 = Release|Any CPU
		{F650B8E8-E7A9-40B4-A8D5-1EA02DE8502E}.Debug|Any CPU.ActiveCfg = Debug|Any CPU
		{F650B8E8-E7A9-40B4-A8D5-1EA02DE8502E}.Debug|Any CPU.Build.0 = Debug|Any CPU
		{F650B8E8-E7A9-40B4-A8D5-1EA02DE8502E}.Release|Any CPU.ActiveCfg = Release|Any CPU
		{F650B8E8-E7A9-40B4-A8D5-1EA02DE8502E}.Release|Any CPU.Build.0 = Release|Any CPU
		{B8B0022B-4D32-49E7-91C6-F3CEC47DFB1B}.Debug|Any CPU.ActiveCfg = Debug|Any CPU
		{B8B0022B-4D32-49E7-91C6-F3CEC47DFB1B}.Debug|Any CPU.Build.0 = Debug|Any CPU
		{B8B0022B-4D32-49E7-91C6-F3CEC47DFB1B}.Release|Any CPU.ActiveCfg = Release|Any CPU
		{B8B0022B-4D32-49E7-91C6-F3CEC47DFB1B}.Release|Any CPU.Build.0 = Release|Any CPU
		{2F3CD9D5-082E-4EC1-90F8-6D1E2602DBA9}.Debug|Any CPU.ActiveCfg = Debug|Any CPU
		{2F3CD9D5-082E-4EC1-90F8-6D1E2602DBA9}.Debug|Any CPU.Build.0 = Debug|Any CPU
		{2F3CD9D5-082E-4EC1-90F8-6D1E2602DBA9}.Release|Any CPU.ActiveCfg = Release|Any CPU
		{2F3CD9D5-082E-4EC1-90F8-6D1E2602DBA9}.Release|Any CPU.Build.0 = Release|Any CPU
		{E98738F5-0263-42CE-9F0C-55DDC8D33B09}.Debug|Any CPU.ActiveCfg = Debug|Any CPU
		{E98738F5-0263-42CE-9F0C-55DDC8D33B09}.Debug|Any CPU.Build.0 = Debug|Any CPU
		{E98738F5-0263-42CE-9F0C-55DDC8D33B09}.Release|Any CPU.ActiveCfg = Release|Any CPU
		{E98738F5-0263-42CE-9F0C-55DDC8D33B09}.Release|Any CPU.Build.0 = Release|Any CPU
		{1A3DF0C7-2912-49CA-B529-EA81845EAF86}.Debug|Any CPU.ActiveCfg = Debug|Any CPU
		{1A3DF0C7-2912-49CA-B529-EA81845EAF86}.Debug|Any CPU.Build.0 = Debug|Any CPU
		{1A3DF0C7-2912-49CA-B529-EA81845EAF86}.Release|Any CPU.ActiveCfg = Release|Any CPU
		{1A3DF0C7-2912-49CA-B529-EA81845EAF86}.Release|Any CPU.Build.0 = Release|Any CPU
		{261418A9-EDAC-4E6C-96AE-16F3D66FE789}.Debug|Any CPU.ActiveCfg = Debug|Any CPU
		{261418A9-EDAC-4E6C-96AE-16F3D66FE789}.Debug|Any CPU.Build.0 = Debug|Any CPU
		{261418A9-EDAC-4E6C-96AE-16F3D66FE789}.Release|Any CPU.ActiveCfg = Release|Any CPU
		{261418A9-EDAC-4E6C-96AE-16F3D66FE789}.Release|Any CPU.Build.0 = Release|Any CPU
		{8A3730B6-24AE-4517-BDEF-8A5318894485}.Debug|Any CPU.ActiveCfg = Debug|Any CPU
		{8A3730B6-24AE-4517-BDEF-8A5318894485}.Debug|Any CPU.Build.0 = Debug|Any CPU
		{8A3730B6-24AE-4517-BDEF-8A5318894485}.Release|Any CPU.ActiveCfg = Release|Any CPU
		{8A3730B6-24AE-4517-BDEF-8A5318894485}.Release|Any CPU.Build.0 = Release|Any CPU
		{47EE0D2D-C745-4133-AA04-F50B8D1E1F32}.Debug|Any CPU.ActiveCfg = Debug|Any CPU
		{47EE0D2D-C745-4133-AA04-F50B8D1E1F32}.Debug|Any CPU.Build.0 = Debug|Any CPU
		{47EE0D2D-C745-4133-AA04-F50B8D1E1F32}.Release|Any CPU.ActiveCfg = Release|Any CPU
		{47EE0D2D-C745-4133-AA04-F50B8D1E1F32}.Release|Any CPU.Build.0 = Release|Any CPU
		{D656155F-DFF4-4F2C-AB91-2ABD324EF2D7}.Debug|Any CPU.ActiveCfg = Debug|Any CPU
		{D656155F-DFF4-4F2C-AB91-2ABD324EF2D7}.Debug|Any CPU.Build.0 = Debug|Any CPU
		{D656155F-DFF4-4F2C-AB91-2ABD324EF2D7}.Release|Any CPU.ActiveCfg = Release|Any CPU
		{D656155F-DFF4-4F2C-AB91-2ABD324EF2D7}.Release|Any CPU.Build.0 = Release|Any CPU
		{EE64200F-7092-4B93-9623-5440069664F7}.Debug|Any CPU.ActiveCfg = Debug|Any CPU
		{EE64200F-7092-4B93-9623-5440069664F7}.Debug|Any CPU.Build.0 = Debug|Any CPU
		{EE64200F-7092-4B93-9623-5440069664F7}.Release|Any CPU.ActiveCfg = Release|Any CPU
		{EE64200F-7092-4B93-9623-5440069664F7}.Release|Any CPU.Build.0 = Release|Any CPU
		{D1CAFDAB-BE71-4581-A9AB-0E6F9370C70B}.Debug|Any CPU.ActiveCfg = Debug|Any CPU
		{D1CAFDAB-BE71-4581-A9AB-0E6F9370C70B}.Debug|Any CPU.Build.0 = Debug|Any CPU
		{D1CAFDAB-BE71-4581-A9AB-0E6F9370C70B}.Release|Any CPU.ActiveCfg = Release|Any CPU
		{D1CAFDAB-BE71-4581-A9AB-0E6F9370C70B}.Release|Any CPU.Build.0 = Release|Any CPU
		{7E2D357B-3115-4181-9E25-57E5FCAA7569}.Debug|Any CPU.ActiveCfg = Debug|Any CPU
		{7E2D357B-3115-4181-9E25-57E5FCAA7569}.Debug|Any CPU.Build.0 = Debug|Any CPU
		{7E2D357B-3115-4181-9E25-57E5FCAA7569}.Release|Any CPU.ActiveCfg = Release|Any CPU
		{7E2D357B-3115-4181-9E25-57E5FCAA7569}.Release|Any CPU.Build.0 = Release|Any CPU
		{3F5FD748-D3D7-4F2F-AD6E-1BC2AE1D0621}.Debug|Any CPU.ActiveCfg = Debug|Any CPU
		{3F5FD748-D3D7-4F2F-AD6E-1BC2AE1D0621}.Debug|Any CPU.Build.0 = Debug|Any CPU
		{3F5FD748-D3D7-4F2F-AD6E-1BC2AE1D0621}.Release|Any CPU.ActiveCfg = Release|Any CPU
		{3F5FD748-D3D7-4F2F-AD6E-1BC2AE1D0621}.Release|Any CPU.Build.0 = Release|Any CPU
	EndGlobalSection
	GlobalSection(SolutionProperties) = preSolution
		HideSolutionNode = FALSE
	EndGlobalSection
	GlobalSection(NestedProjects) = preSolution
		{261418A9-EDAC-4E6C-96AE-16F3D66FE789} = {E9558685-06F3-41EA-85AE-73DB06F52FEC}
		{8A3730B6-24AE-4517-BDEF-8A5318894485} = {E9558685-06F3-41EA-85AE-73DB06F52FEC}
		{47EE0D2D-C745-4133-AA04-F50B8D1E1F32} = {E9558685-06F3-41EA-85AE-73DB06F52FEC}
		{D656155F-DFF4-4F2C-AB91-2ABD324EF2D7} = {E9558685-06F3-41EA-85AE-73DB06F52FEC}
		{EE64200F-7092-4B93-9623-5440069664F7} = {FF5A6811-B918-48D2-B4DA-7EF6C1E8EC7D}
		{D1CAFDAB-BE71-4581-A9AB-0E6F9370C70B} = {FF5A6811-B918-48D2-B4DA-7EF6C1E8EC7D}
		{7E2D357B-3115-4181-9E25-57E5FCAA7569} = {FF5A6811-B918-48D2-B4DA-7EF6C1E8EC7D}
		{3F5FD748-D3D7-4F2F-AD6E-1BC2AE1D0621} = {FF5A6811-B918-48D2-B4DA-7EF6C1E8EC7D}
	EndGlobalSection
	GlobalSection(ExtensibilityGlobals) = postSolution
		SolutionGuid = {57FF7BD4-426D-46DC-B710-98A8555C446D}
	EndGlobalSection
EndGlobal
